# Generated by pub
# See https://dart.dev/tools/pub/glossary#lockfile
packages:
  charcode:
    dependency: transitive
    description:
      name: charcode
      url: "https://pub.dartlang.org"
    source: hosted
    version: "1.2.0-nullsafety.3"
  collection:
    dependency: transitive
    description:
      name: collection
      url: "https://pub.dartlang.org"
    source: hosted
    version: "1.15.0-nullsafety.5"
  csslib:
    dependency: transitive
    description:
      name: csslib
      url: "https://pub.dartlang.org"
    source: hosted
    version: "0.16.2"
  html:
    dependency: "direct main"
    description:
      name: html
      url: "https://pub.dartlang.org"
    source: hosted
    version: "0.14.0+3"
  http:
    dependency: "direct main"
    description:
      path: "."
      ref: HEAD
      resolved-ref: a8efbef05a58919dc7aa2dab42198334f2459ffb
      url: "git://github.com/dart-lang/http.git"
    source: git
    version: "0.13.0-nullsafety-dev"
  http_parser:
    dependency: "direct overridden"
    description:
      path: "."
      ref: HEAD
      resolved-ref: "5dd4d16693242049dfb43b5efa429fedbf932e98"
      url: "git://github.com/dart-lang/http_parser.git"
    source: git
    version: "3.2.0-nullsafety-dev"
  logging:
    dependency: "direct main"
    description:
      path: "."
      ref: HEAD
      resolved-ref: "9d2a7fdd05b09bc06474881152b5baaf38fd1329"
      url: "git://github.com/dart-lang/logging.git"
    source: git
    version: "1.0.0-nullsafety-dev"
  meta:
    dependency: transitive
    description:
      name: meta
      url: "https://pub.dartlang.org"
    source: hosted
    version: "1.3.0-nullsafety.6"
  nyxx:
    dependency: "direct main"
    description:
      path: "../nyxx/nyxx"
      relative: true
    source: path
    version: "1.1.0-dev.1"
  nyxx_commander:
    dependency: "direct main"
    description:
      path: "../nyxx/nyxx.commander"
      relative: true
    source: path
    version: "1.1.0-dev.1"
  path:
    dependency: transitive
    description:
      name: path
      url: "https://pub.dartlang.org"
    source: hosted
    version: "1.8.0-nullsafety.3"
  pedantic:
    dependency: transitive
    description:
      name: pedantic
      url: "https://pub.dartlang.org"
    source: hosted
    version: "1.10.0-nullsafety.3"
  source_span:
    dependency: transitive
    description:
      name: source_span
      url: "https://pub.dartlang.org"
    source: hosted
    version: "1.8.0-nullsafety.4"
  string_scanner:
    dependency: transitive
    description:
      name: string_scanner
      url: "https://pub.dartlang.org"
    source: hosted
    version: "1.1.0-nullsafety.3"
  term_glyph:
    dependency: transitive
    description:
      name: term_glyph
      url: "https://pub.dartlang.org"
    source: hosted
    version: "1.2.0-nullsafety.3"
  time_ago_provider:
    dependency: "direct main"
    description:
      path: "."
      ref: HEAD
      resolved-ref: e7e35ea187641d7e33f0e8e3ee57c97d5ab1cf4c
      url: "git://github.com/l7ssha/time_ago_provider.git"
    source: git
    version: "3.0.0-dev.1"
  typed_data:
    dependency: transitive
    description:
      name: typed_data
      url: "https://pub.dartlang.org"
    source: hosted
    version: "1.3.0-nullsafety.5"
sdks:
  dart: ">=2.12.0-51.0.dev <3.0.0"
